// !$*UTF8*$!
{
	archiveVersion = 1;
	classes = {
	};
	objectVersion = 56;
	objects = {

/* Begin PBXBuildFile section */
		CFA1BF2E2BA3CC8B003E0E47 /* AirbnbSwiftUIApp.swift in Sources */ = {isa = PBXBuildFile; fileRef = CFA1BF2D2BA3CC8B003E0E47 /* AirbnbSwiftUIApp.swift */; };
		CFA1BF302BA3CC8B003E0E47 /* ContentView.swift in Sources */ = {isa = PBXBuildFile; fileRef = CFA1BF2F2BA3CC8B003E0E47 /* ContentView.swift */; };
		CFA1BF322BA3CC93003E0E47 /* Assets.xcassets in Resources */ = {isa = PBXBuildFile; fileRef = CFA1BF312BA3CC93003E0E47 /* Assets.xcassets */; };
		CFA1BF352BA3CC93003E0E47 /* Preview Assets.xcassets in Resources */ = {isa = PBXBuildFile; fileRef = CFA1BF342BA3CC93003E0E47 /* Preview Assets.xcassets */; };
		CFA1BF492BA3D28E003E0E47 /* SearchAndFilterBar.swift in Sources */ = {isa = PBXBuildFile; fileRef = CFA1BF482BA3D28E003E0E47 /* SearchAndFilterBar.swift */; };
		CFA1BF4B2BA3D426003E0E47 /* ExploreView.swift in Sources */ = {isa = PBXBuildFile; fileRef = CFA1BF4A2BA3D426003E0E47 /* ExploreView.swift */; };
		CFA1BF4D2BA3D541003E0E47 /* ListingItemView.swift in Sources */ = {isa = PBXBuildFile; fileRef = CFA1BF4C2BA3D541003E0E47 /* ListingItemView.swift */; };
		CFA1BF4F2BA3F1E5003E0E47 /* ListingDetailView.swift in Sources */ = {isa = PBXBuildFile; fileRef = CFA1BF4E2BA3F1E5003E0E47 /* ListingDetailView.swift */; };
		CFA1BF522BA3F2B5003E0E47 /* ListingImageCarouselView.swift in Sources */ = {isa = PBXBuildFile; fileRef = CFA1BF512BA3F2B5003E0E47 /* ListingImageCarouselView.swift */; };
		CFA1BF542BA4035D003E0E47 /* DestinationSearchView.swift in Sources */ = {isa = PBXBuildFile; fileRef = CFA1BF532BA4035D003E0E47 /* DestinationSearchView.swift */; };
		CFA1BF582BA419F4003E0E47 /* ProfileView.swift in Sources */ = {isa = PBXBuildFile; fileRef = CFA1BF572BA419F4003E0E47 /* ProfileView.swift */; };
		CFA1BF5A2BA41BB9003E0E47 /* ProfileOptionRowView.swift in Sources */ = {isa = PBXBuildFile; fileRef = CFA1BF592BA41BB9003E0E47 /* ProfileOptionRowView.swift */; };
		CFA1BF5C2BA41D69003E0E47 /* WishlistView.swift in Sources */ = {isa = PBXBuildFile; fileRef = CFA1BF5B2BA41D69003E0E47 /* WishlistView.swift */; };
		CFA1BF602BA41E72003E0E47 /* LoginButton.swift in Sources */ = {isa = PBXBuildFile; fileRef = CFA1BF5F2BA41E72003E0E47 /* LoginButton.swift */; };
		CFA1BF622BA41FB2003E0E47 /* MainTabView.swift in Sources */ = {isa = PBXBuildFile; fileRef = CFA1BF612BA41FB2003E0E47 /* MainTabView.swift */; };
/* End PBXBuildFile section */

/* Begin PBXFileReference section */
		CFA1BF2A2BA3CC8B003E0E47 /* AirbnbSwiftUI.app */ = {isa = PBXFileReference; explicitFileType = wrapper.application; includeInIndex = 0; path = AirbnbSwiftUI.app; sourceTree = BUILT_PRODUCTS_DIR; };
		CFA1BF2D2BA3CC8B003E0E47 /* AirbnbSwiftUIApp.swift */ = {isa = PBXFileReference; lastKnownFileType = sourcecode.swift; path = AirbnbSwiftUIApp.swift; sourceTree = "<group>"; };
		CFA1BF2F2BA3CC8B003E0E47 /* ContentView.swift */ = {isa = PBXFileReference; lastKnownFileType = sourcecode.swift; path = ContentView.swift; sourceTree = "<group>"; };
		CFA1BF312BA3CC93003E0E47 /* Assets.xcassets */ = {isa = PBXFileReference; lastKnownFileType = folder.assetcatalog; path = Assets.xcassets; sourceTree = "<group>"; };
		CFA1BF342BA3CC93003E0E47 /* Preview Assets.xcassets */ = {isa = PBXFileReference; lastKnownFileType = folder.assetcatalog; path = "Preview Assets.xcassets"; sourceTree = "<group>"; };
		CFA1BF482BA3D28E003E0E47 /* SearchAndFilterBar.swift */ = {isa = PBXFileReference; lastKnownFileType = sourcecode.swift; path = SearchAndFilterBar.swift; sourceTree = "<group>"; };
		CFA1BF4A2BA3D426003E0E47 /* ExploreView.swift */ = {isa = PBXFileReference; lastKnownFileType = sourcecode.swift; path = ExploreView.swift; sourceTree = "<group>"; };
		CFA1BF4C2BA3D541003E0E47 /* ListingItemView.swift */ = {isa = PBXFileReference; lastKnownFileType = sourcecode.swift; path = ListingItemView.swift; sourceTree = "<group>"; };
		CFA1BF4E2BA3F1E5003E0E47 /* ListingDetailView.swift */ = {isa = PBXFileReference; lastKnownFileType = sourcecode.swift; path = ListingDetailView.swift; sourceTree = "<group>"; };
		CFA1BF512BA3F2B5003E0E47 /* ListingImageCarouselView.swift */ = {isa = PBXFileReference; lastKnownFileType = sourcecode.swift; path = ListingImageCarouselView.swift; sourceTree = "<group>"; };
		CFA1BF532BA4035D003E0E47 /* DestinationSearchView.swift */ = {isa = PBXFileReference; lastKnownFileType = sourcecode.swift; path = DestinationSearchView.swift; sourceTree = "<group>"; };
		CFA1BF572BA419F4003E0E47 /* ProfileView.swift */ = {isa = PBXFileReference; lastKnownFileType = sourcecode.swift; path = ProfileView.swift; sourceTree = "<group>"; };
		CFA1BF592BA41BB9003E0E47 /* ProfileOptionRowView.swift */ = {isa = PBXFileReference; lastKnownFileType = sourcecode.swift; path = ProfileOptionRowView.swift; sourceTree = "<group>"; };
		CFA1BF5B2BA41D69003E0E47 /* WishlistView.swift */ = {isa = PBXFileReference; lastKnownFileType = sourcecode.swift; path = WishlistView.swift; sourceTree = "<group>"; };
		CFA1BF5F2BA41E72003E0E47 /* LoginButton.swift */ = {isa = PBXFileReference; lastKnownFileType = sourcecode.swift; path = LoginButton.swift; sourceTree = "<group>"; };
		CFA1BF612BA41FB2003E0E47 /* MainTabView.swift */ = {isa = PBXFileReference; lastKnownFileType = sourcecode.swift; path = MainTabView.swift; sourceTree = "<group>"; };
/* End PBXFileReference section */

/* Begin PBXFrameworksBuildPhase section */
		CFA1BF272BA3CC8B003E0E47 /* Frameworks */ = {
			isa = PBXFrameworksBuildPhase;
			buildActionMask = 2147483647;
			files = (
			);
			runOnlyForDeploymentPostprocessing = 0;
		};
/* End PBXFrameworksBuildPhase section */

/* Begin PBXGroup section */
		CFA1BF212BA3CC8A003E0E47 = {
			isa = PBXGroup;
			children = (
				CFA1BF2C2BA3CC8B003E0E47 /* AirbnbSwiftUI */,
				CFA1BF2B2BA3CC8B003E0E47 /* Products */,
			);
			sourceTree = "<group>";
		};
		CFA1BF2B2BA3CC8B003E0E47 /* Products */ = {
			isa = PBXGroup;
			children = (
				CFA1BF2A2BA3CC8B003E0E47 /* AirbnbSwiftUI.app */,
			);
			name = Products;
			sourceTree = "<group>";
		};
		CFA1BF2C2BA3CC8B003E0E47 /* AirbnbSwiftUI */ = {
			isa = PBXGroup;
			children = (
				CFA1BF3E2BA3CCB3003E0E47 /* App */,
				CFA1BF3D2BA3CCB1003E0E47 /* Core */,
				CFA1BF3B2BA3CCA1003E0E47 /* Extensions */,
				CFA1BF3F2BA3CCF5003E0E47 /* Models */,
				CFA1BF402BA3CD05003E0E47 /* Utils */,
				CFA1BF2F2BA3CC8B003E0E47 /* ContentView.swift */,
				CFA1BF312BA3CC93003E0E47 /* Assets.xcassets */,
				CFA1BF332BA3CC93003E0E47 /* Preview Content */,
			);
			path = AirbnbSwiftUI;
			sourceTree = "<group>";
		};
		CFA1BF332BA3CC93003E0E47 /* Preview Content */ = {
			isa = PBXGroup;
			children = (
				CFA1BF342BA3CC93003E0E47 /* Preview Assets.xcassets */,
			);
			path = "Preview Content";
			sourceTree = "<group>";
		};
		CFA1BF3B2BA3CCA1003E0E47 /* Extensions */ = {
			isa = PBXGroup;
			children = (
			);
			path = Extensions;
			sourceTree = "<group>";
		};
		CFA1BF3D2BA3CCB1003E0E47 /* Core */ = {
			isa = PBXGroup;
			children = (
				CFA1BF502BA3F29C003E0E47 /* Components */,
				CFA1BF412BA3CD7B003E0E47 /* Explore */,
				CFA1BF422BA3CD82003E0E47 /* Listings */,
				CFA1BF442BA3CD8E003E0E47 /* MapView */,
				CFA1BF432BA3CD87003E0E47 /* Profile */,
				CFA1BF452BA3CD94003E0E47 /* Root */,
				CFA1BF462BA3CD9E003E0E47 /* TabBar */,
				CFA1BF472BA3CDA5003E0E47 /* Wishlist */,
			);
			path = Core;
			sourceTree = "<group>";
		};
		CFA1BF3E2BA3CCB3003E0E47 /* App */ = {
			isa = PBXGroup;
			children = (
				CFA1BF2D2BA3CC8B003E0E47 /* AirbnbSwiftUIApp.swift */,
			);
			path = App;
			sourceTree = "<group>";
		};
		CFA1BF3F2BA3CCF5003E0E47 /* Models */ = {
			isa = PBXGroup;
			children = (
			);
			path = Models;
			sourceTree = "<group>";
		};
		CFA1BF402BA3CD05003E0E47 /* Utils */ = {
			isa = PBXGroup;
			children = (
			);
			path = Utils;
			sourceTree = "<group>";
		};
		CFA1BF412BA3CD7B003E0E47 /* Explore */ = {
			isa = PBXGroup;
			children = (
				CFA1BF4A2BA3D426003E0E47 /* ExploreView.swift */,
				CFA1BF532BA4035D003E0E47 /* DestinationSearchView.swift */,
				CFA1BF482BA3D28E003E0E47 /* SearchAndFilterBar.swift */,
			);
			path = Explore;
			sourceTree = "<group>";
		};
		CFA1BF422BA3CD82003E0E47 /* Listings */ = {
			isa = PBXGroup;
			children = (
				CFA1BF4C2BA3D541003E0E47 /* ListingItemView.swift */,
				CFA1BF4E2BA3F1E5003E0E47 /* ListingDetailView.swift */,
			);
			path = Listings;
			sourceTree = "<group>";
		};
		CFA1BF432BA3CD87003E0E47 /* Profile */ = {
			isa = PBXGroup;
			children = (
				CFA1BF572BA419F4003E0E47 /* ProfileView.swift */,
				CFA1BF592BA41BB9003E0E47 /* ProfileOptionRowView.swift */,
			);
			path = Profile;
			sourceTree = "<group>";
		};
		CFA1BF442BA3CD8E003E0E47 /* MapView */ = {
			isa = PBXGroup;
			children = (
			);
			path = MapView;
			sourceTree = "<group>";
		};
		CFA1BF452BA3CD94003E0E47 /* Root */ = {
			isa = PBXGroup;
			children = (
			);
			path = Root;
			sourceTree = "<group>";
		};
		CFA1BF462BA3CD9E003E0E47 /* TabBar */ = {
			isa = PBXGroup;
			children = (
				CFA1BF612BA41FB2003E0E47 /* MainTabView.swift */,
			);
			path = TabBar;
			sourceTree = "<group>";
		};
		CFA1BF472BA3CDA5003E0E47 /* Wishlist */ = {
			isa = PBXGroup;
			children = (
				CFA1BF5B2BA41D69003E0E47 /* WishlistView.swift */,
			);
			path = Wishlist;
			sourceTree = "<group>";
		};
		CFA1BF502BA3F29C003E0E47 /* Components */ = {
			isa = PBXGroup;
			children = (
				CFA1BF512BA3F2B5003E0E47 /* ListingImageCarouselView.swift */,
				CFA1BF5F2BA41E72003E0E47 /* LoginButton.swift */,
			);
			path = Components;
			sourceTree = "<group>";
		};
/* End PBXGroup section */

/* Begin PBXNativeTarget section */
		CFA1BF292BA3CC8B003E0E47 /* AirbnbSwiftUI */ = {
			isa = PBXNativeTarget;
			buildConfigurationList = CFA1BF382BA3CC93003E0E47 /* Build configuration list for PBXNativeTarget "AirbnbSwiftUI" */;
			buildPhases = (
				CFA1BF262BA3CC8B003E0E47 /* Sources */,
				CFA1BF272BA3CC8B003E0E47 /* Frameworks */,
				CFA1BF282BA3CC8B003E0E47 /* Resources */,
			);
			buildRules = (
			);
			dependencies = (
			);
			name = AirbnbSwiftUI;
			productName = AirbnbSwiftUI;
			productReference = CFA1BF2A2BA3CC8B003E0E47 /* AirbnbSwiftUI.app */;
			productType = "com.apple.product-type.application";
		};
/* End PBXNativeTarget section */

/* Begin PBXProject section */
		CFA1BF222BA3CC8B003E0E47 /* Project object */ = {
			isa = PBXProject;
			attributes = {
				BuildIndependentTargetsInParallel = 1;
				LastSwiftUpdateCheck = 1530;
				LastUpgradeCheck = 1530;
				TargetAttributes = {
					CFA1BF292BA3CC8B003E0E47 = {
						CreatedOnToolsVersion = 15.3;
					};
				};
			};
			buildConfigurationList = CFA1BF252BA3CC8B003E0E47 /* Build configuration list for PBXProject "AirbnbSwiftUI" */;
			compatibilityVersion = "Xcode 14.0";
			developmentRegion = en;
			hasScannedForEncodings = 0;
			knownRegions = (
				en,
				Base,
			);
			mainGroup = CFA1BF212BA3CC8A003E0E47;
			productRefGroup = CFA1BF2B2BA3CC8B003E0E47 /* Products */;
			projectDirPath = "";
			projectRoot = "";
			targets = (
				CFA1BF292BA3CC8B003E0E47 /* AirbnbSwiftUI */,
			);
		};
/* End PBXProject section */

/* Begin PBXResourcesBuildPhase section */
		CFA1BF282BA3CC8B003E0E47 /* Resources */ = {
			isa = PBXResourcesBuildPhase;
			buildActionMask = 2147483647;
			files = (
				CFA1BF352BA3CC93003E0E47 /* Preview Assets.xcassets in Resources */,
				CFA1BF322BA3CC93003E0E47 /* Assets.xcassets in Resources */,
			);
			runOnlyForDeploymentPostprocessing = 0;
		};
/* End PBXResourcesBuildPhase section */

/* Begin PBXSourcesBuildPhase section */
		CFA1BF262BA3CC8B003E0E47 /* Sources */ = {
			isa = PBXSourcesBuildPhase;
			buildActionMask = 2147483647;
			files = (
				CFA1BF522BA3F2B5003E0E47 /* ListingImageCarouselView.swift in Sources */,
				CFA1BF602BA41E72003E0E47 /* LoginButton.swift in Sources */,
				CFA1BF582BA419F4003E0E47 /* ProfileView.swift in Sources */,
				CFA1BF5A2BA41BB9003E0E47 /* ProfileOptionRowView.swift in Sources */,
				CFA1BF542BA4035D003E0E47 /* DestinationSearchView.swift in Sources */,
				CFA1BF302BA3CC8B003E0E47 /* ContentView.swift in Sources */,
				CFA1BF4D2BA3D541003E0E47 /* ListingItemView.swift in Sources */,
				CFA1BF622BA41FB2003E0E47 /* MainTabView.swift in Sources */,
				CFA1BF492BA3D28E003E0E47 /* SearchAndFilterBar.swift in Sources */,
				CFA1BF5C2BA41D69003E0E47 /* WishlistView.swift in Sources */,
				CFA1BF4B2BA3D426003E0E47 /* ExploreView.swift in Sources */,
				CFA1BF4F2BA3F1E5003E0E47 /* ListingDetailView.swift in Sources */,
				CFA1BF2E2BA3CC8B003E0E47 /* AirbnbSwiftUIApp.swift in Sources */,
			);
			runOnlyForDeploymentPostprocessing = 0;
		};
/* End PBXSourcesBuildPhase section */

/* Begin XCBuildConfiguration section */
		CFA1BF362BA3CC93003E0E47 /* Debug */ = {
			isa = XCBuildConfiguration;
			buildSettings = {
				ALWAYS_SEARCH_USER_PATHS = NO;
				ASSETCATALOG_COMPILER_GENERATE_SWIFT_ASSET_SYMBOL_EXTENSIONS = YES;
				CLANG_ANALYZER_NONNULL = YES;
				CLANG_ANALYZER_NUMBER_OBJECT_CONVERSION = YES_AGGRESSIVE;
				CLANG_CXX_LANGUAGE_STANDARD = "gnu++20";
				CLANG_ENABLE_MODULES = YES;
				CLANG_ENABLE_OBJC_ARC = YES;
				CLANG_ENABLE_OBJC_WEAK = YES;
				CLANG_WARN_BLOCK_CAPTURE_AUTORELEASING = YES;
				CLANG_WARN_BOOL_CONVERSION = YES;
				CLANG_WARN_COMMA = YES;
				CLANG_WARN_CONSTANT_CONVERSION = YES;
				CLANG_WARN_DEPRECATED_OBJC_IMPLEMENTATIONS = YES;
				CLANG_WARN_DIRECT_OBJC_ISA_USAGE = YES_ERROR;
				CLANG_WARN_DOCUMENTATION_COMMENTS = YES;
				CLANG_WARN_EMPTY_BODY = YES;
				CLANG_WARN_ENUM_CONVERSION = YES;
				CLANG_WARN_INFINITE_RECURSION = YES;
				CLANG_WARN_INT_CONVERSION = YES;
				CLANG_WARN_NON_LITERAL_NULL_CONVERSION = YES;
				CLANG_WARN_OBJC_IMPLICIT_RETAIN_SELF = YES;
				CLANG_WARN_OBJC_LITERAL_CONVERSION = YES;
				CLANG_WARN_OBJC_ROOT_CLASS = YES_ERROR;
				CLANG_WARN_QUOTED_INCLUDE_IN_FRAMEWORK_HEADER = YES;
				CLANG_WARN_RANGE_LOOP_ANALYSIS = YES;
				CLANG_WARN_STRICT_PROTOTYPES = YES;
				CLANG_WARN_SUSPICIOUS_MOVE = YES;
				CLANG_WARN_UNGUARDED_AVAILABILITY = YES_AGGRESSIVE;
				CLANG_WARN_UNREACHABLE_CODE = YES;
				CLANG_WARN__DUPLICATE_METHOD_MATCH = YES;
				COPY_PHASE_STRIP = NO;
				DEBUG_INFORMATION_FORMAT = dwarf;
				ENABLE_STRICT_OBJC_MSGSEND = YES;
				ENABLE_TESTABILITY = YES;
				ENABLE_USER_SCRIPT_SANDBOXING = YES;
				GCC_C_LANGUAGE_STANDARD = gnu17;
				GCC_DYNAMIC_NO_PIC = NO;
				GCC_NO_COMMON_BLOCKS = YES;
				GCC_OPTIMIZATION_LEVEL = 0;
				GCC_PREPROCESSOR_DEFINITIONS = (
					"DEBUG=1",
					"$(inherited)",
				);
				GCC_WARN_64_TO_32_BIT_CONVERSION = YES;
				GCC_WARN_ABOUT_RETURN_TYPE = YES_ERROR;
				GCC_WARN_UNDECLARED_SELECTOR = YES;
				GCC_WARN_UNINITIALIZED_AUTOS = YES_AGGRESSIVE;
				GCC_WARN_UNUSED_FUNCTION = YES;
				GCC_WARN_UNUSED_VARIABLE = YES;
				IPHONEOS_DEPLOYMENT_TARGET = 17.4;
				LOCALIZATION_PREFERS_STRING_CATALOGS = YES;
				MTL_ENABLE_DEBUG_INFO = INCLUDE_SOURCE;
				MTL_FAST_MATH = YES;
				ONLY_ACTIVE_ARCH = YES;
				SDKROOT = iphoneos;
				SWIFT_ACTIVE_COMPILATION_CONDITIONS = "DEBUG $(inherited)";
				SWIFT_OPTIMIZATION_LEVEL = "-Onone";
			};
			name = Debug;
		};
		CFA1BF372BA3CC93003E0E47 /* Release */ = {
			isa = XCBuildConfiguration;
			buildSettings = {
				ALWAYS_SEARCH_USER_PATHS = NO;
				ASSETCATALOG_COMPILER_GENERATE_SWIFT_ASSET_SYMBOL_EXTENSIONS = YES;
				CLANG_ANALYZER_NONNULL = YES;
				CLANG_ANALYZER_NUMBER_OBJECT_CONVERSION = YES_AGGRESSIVE;
				CLANG_CXX_LANGUAGE_STANDARD = "gnu++20";
				CLANG_ENABLE_MODULES = YES;
				CLANG_ENABLE_OBJC_ARC = YES;
				CLANG_ENABLE_OBJC_WEAK = YES;
				CLANG_WARN_BLOCK_CAPTURE_AUTORELEASING = YES;
				CLANG_WARN_BOOL_CONVERSION = YES;
				CLANG_WARN_COMMA = YES;
				CLANG_WARN_CONSTANT_CONVERSION = YES;
				CLANG_WARN_DEPRECATED_OBJC_IMPLEMENTATIONS = YES;
				CLANG_WARN_DIRECT_OBJC_ISA_USAGE = YES_ERROR;
				CLANG_WARN_DOCUMENTATION_COMMENTS = YES;
				CLANG_WARN_EMPTY_BODY = YES;
				CLANG_WARN_ENUM_CONVERSION = YES;
				CLANG_WARN_INFINITE_RECURSION = YES;
				CLANG_WARN_INT_CONVERSION = YES;
				CLANG_WARN_NON_LITERAL_NULL_CONVERSION = YES;
				CLANG_WARN_OBJC_IMPLICIT_RETAIN_SELF = YES;
				CLANG_WARN_OBJC_LITERAL_CONVERSION = YES;
				CLANG_WARN_OBJC_ROOT_CLASS = YES_ERROR;
				CLANG_WARN_QUOTED_INCLUDE_IN_FRAMEWORK_HEADER = YES;
				CLANG_WARN_RANGE_LOOP_ANALYSIS = YES;
				CLANG_WARN_STRICT_PROTOTYPES = YES;
				CLANG_WARN_SUSPICIOUS_MOVE = YES;
				CLANG_WARN_UNGUARDED_AVAILABILITY = YES_AGGRESSIVE;
				CLANG_WARN_UNREACHABLE_CODE = YES;
				CLANG_WARN__DUPLICATE_METHOD_MATCH = YES;
				COPY_PHASE_STRIP = NO;
				DEBUG_INFORMATION_FORMAT = "dwarf-with-dsym";
				ENABLE_NS_ASSERTIONS = NO;
				ENABLE_STRICT_OBJC_MSGSEND = YES;
				ENABLE_USER_SCRIPT_SANDBOXING = YES;
				GCC_C_LANGUAGE_STANDARD = gnu17;
				GCC_NO_COMMON_BLOCKS = YES;
				GCC_WARN_64_TO_32_BIT_CONVERSION = YES;
				GCC_WARN_ABOUT_RETURN_TYPE = YES_ERROR;
				GCC_WARN_UNDECLARED_SELECTOR = YES;
				GCC_WARN_UNINITIALIZED_AUTOS = YES_AGGRESSIVE;
				GCC_WARN_UNUSED_FUNCTION = YES;
				GCC_WARN_UNUSED_VARIABLE = YES;
				IPHONEOS_DEPLOYMENT_TARGET = 17.4;
				LOCALIZATION_PREFERS_STRING_CATALOGS = YES;
				MTL_ENABLE_DEBUG_INFO = NO;
				MTL_FAST_MATH = YES;
				SDKROOT = iphoneos;
				SWIFT_COMPILATION_MODE = wholemodule;
				VALIDATE_PRODUCT = YES;
			};
			name = Release;
		};
		CFA1BF392BA3CC93003E0E47 /* Debug */ = {
			isa = XCBuildConfiguration;
			buildSettings = {
				ASSETCATALOG_COMPILER_APPICON_NAME = AppIcon;
				ASSETCATALOG_COMPILER_GLOBAL_ACCENT_COLOR_NAME = AccentColor;
				CODE_SIGN_STYLE = Automatic;
				CURRENT_PROJECT_VERSION = 1;
				DEVELOPMENT_ASSET_PATHS = "\"AirbnbSwiftUI/Preview Content\"";
				DEVELOPMENT_TEAM = 9P4H9V8B86;
				ENABLE_PREVIEWS = YES;
				GENERATE_INFOPLIST_FILE = YES;
				INFOPLIST_KEY_UIApplicationSceneManifest_Generation = YES;
				INFOPLIST_KEY_UIApplicationSupportsIndirectInputEvents = YES;
				INFOPLIST_KEY_UILaunchScreen_Generation = YES;
				INFOPLIST_KEY_UISupportedInterfaceOrientations_iPad = "UIInterfaceOrientationPortrait UIInterfaceOrientationPortraitUpsideDown UIInterfaceOrientationLandscapeLeft UIInterfaceOrientationLandscapeRight";
				INFOPLIST_KEY_UISupportedInterfaceOrientations_iPhone = "UIInterfaceOrientationPortrait UIInterfaceOrientationLandscapeLeft UIInterfaceOrientationLandscapeRight";
				LD_RUNPATH_SEARCH_PATHS = (
					"$(inherited)",
					"@executable_path/Frameworks",
				);
				MARKETING_VERSION = 1.0;
				PRODUCT_BUNDLE_IDENTIFIER = com.renesalomone.AirbnbSwiftUI;
				PRODUCT_NAME = "$(TARGET_NAME)";
				SWIFT_EMIT_LOC_STRINGS = YES;
				SWIFT_VERSION = 5.0;
				TARGETED_DEVICE_FAMILY = "1,2";
			};
			name = Debug;
		};
		CFA1BF3A2BA3CC93003E0E47 /* Release */ = {
			isa = XCBuildConfiguration;
			buildSettings = {
				ASSETCATALOG_COMPILER_APPICON_NAME = AppIcon;
				ASSETCATALOG_COMPILER_GLOBAL_ACCENT_COLOR_NAME = AccentColor;
				CODE_SIGN_STYLE = Automatic;
				CURRENT_PROJECT_VERSION = 1;
				DEVELOPMENT_ASSET_PATHS = "\"AirbnbSwiftUI/Preview Content\"";
				DEVELOPMENT_TEAM = 9P4H9V8B86;
				ENABLE_PREVIEWS = YES;
				GENERATE_INFOPLIST_FILE = YES;
				INFOPLIST_KEY_UIApplicationSceneManifest_Generation = YES;
				INFOPLIST_KEY_UIApplicationSupportsIndirectInputEvents = YES;
				INFOPLIST_KEY_UILaunchScreen_Generation = YES;
				INFOPLIST_KEY_UISupportedInterfaceOrientations_iPad = "UIInterfaceOrientationPortrait UIInterfaceOrientationPortraitUpsideDown UIInterfaceOrientationLandscapeLeft UIInterfaceOrientationLandscapeRight";
				INFOPLIST_KEY_UISupportedInterfaceOrientations_iPhone = "UIInterfaceOrientationPortrait UIInterfaceOrientationLandscapeLeft UIInterfaceOrientationLandscapeRight";
				LD_RUNPATH_SEARCH_PATHS = (
					"$(inherited)",
					"@executable_path/Frameworks",
				);
				MARKETING_VERSION = 1.0;
				PRODUCT_BUNDLE_IDENTIFIER = com.renesalomone.AirbnbSwiftUI;
				PRODUCT_NAME = "$(TARGET_NAME)";
				SWIFT_EMIT_LOC_STRINGS = YES;
				SWIFT_VERSION = 5.0;
				TARGETED_DEVICE_FAMILY = "1,2";
			};
			name = Release;
		};
/* End XCBuildConfiguration section */

/* Begin XCConfigurationList section */
		CFA1BF252BA3CC8B003E0E47 /* Build configuration list for PBXProject "AirbnbSwiftUI" */ = {
			isa = XCConfigurationList;
			buildConfigurations = (
				CFA1BF362BA3CC93003E0E47 /* Debug */,
				CFA1BF372BA3CC93003E0E47 /* Release */,
			);
			defaultConfigurationIsVisible = 0;
			defaultConfigurationName = Release;
		};
		CFA1BF382BA3CC93003E0E47 /* Build configuration list for PBXNativeTarget "AirbnbSwiftUI" */ = {
			isa = XCConfigurationList;
			buildConfigurations = (
				CFA1BF392BA3CC93003E0E47 /* Debug */,
				CFA1BF3A2BA3CC93003E0E47 /* Release */,
			);
			defaultConfigurationIsVisible = 0;
			defaultConfigurationName = Release;
		};
/* End XCConfigurationList section */
	};
	rootObject = CFA1BF222BA3CC8B003E0E47 /* Project object */;
}
